
Microsoft Visual Studio Solution File, Format Version 10.00
# Visual C++ Express 2008
Project("{8BC9CEB8-8B4A-11D0-8D11-00A0C91BC942}") = "App_VS2008_OpenGL", "App_VS2008_OpenGL.vcproj", "{90347322-85ff-4500-95e8-aafdc8cfa1bf}"
EndProject
Global
	GlobalSection(SolutionConfigurationPlatforms) = preSolution
		Debug|Win32 = Debug|Win32
		Release|Win32 = Release|Win32
	EndGlobalSection
	GlobalSection(ProjectConfigurationPlatforms) = postSolution
		{90347322-85ff-4500-95e8-aafdc8cfa1bf}.Debug|Win32.ActiveCfg = Debug|Win32
		{90347322-85ff-4500-95e8-aafdc8cfa1bf}.Debug|Win32.Build.0 = Debug|Win32
		{90347322-85ff-4500-95e8-aafdc8cfa1bf}.Release|Win32.ActiveCfg = Release|Win32
		{90347322-85ff-4500-95e8-aafdc8cfa1bf}.Release|Win32.Build.0 = Release|Win32
	EndGlobalSection
	GlobalSection(SolutionProperties) = preSolution
		HideSolutionNode = FALSE
	EndGlobalSection
EndGlobal
